
Microsoft Visual Studio Solution File, Format Version 12.00
# Visual Studio Version 17
VisualStudioVersion = 17.0.32014.148
MinimumVisualStudioVersion = 10.0.40219.1
Project("{9A19103F-16F7-4668-BE54-9A1E7A4F7556}") = "deployaCore", "deployaCore\deployaCore.csproj", "{1426C8F0-619B-44BA-8A0E-1ABFC1C6E50F}"
EndProject
Project("{9A19103F-16F7-4668-BE54-9A1E7A4F7556}") = "deployaUI", "deployaUI\deployaUI.csproj", "{67E38F1B-7162-40AA-84A2-55131CDB631B}"
	ProjectSection(ProjectDependencies) = postProject
		{1426C8F0-619B-44BA-8A0E-1ABFC1C6E50F} = {1426C8F0-619B-44BA-8A0E-1ABFC1C6E50F}
	EndProjectSection
EndProject
Project("{9A19103F-16F7-4668-BE54-9A1E7A4F7556}") = "deploya-setup", "deploya-setup\deploya-setup.csproj", "{8617A735-5FE9-4322-9D46-31070A179736}"
EndProject
Global
	GlobalSection(SolutionConfigurationPlatforms) = preSolution
		Debug|Any CPU = Debug|Any CPU
		Debug|x64 = Debug|x64
		Release|Any CPU = Release|Any CPU
		Release|x64 = Release|x64
	EndGlobalSection
	GlobalSection(ProjectConfigurationPlatforms) = postSolution
		{1426C8F0-619B-44BA-8A0E-1ABFC1C6E50F}.Debug|Any CPU.ActiveCfg = Debug|Any CPU
		{1426C8F0-619B-44BA-8A0E-1ABFC1C6E50F}.Debug|Any CPU.Build.0 = Debug|Any CPU
		{1426C8F0-619B-44BA-8A0E-1ABFC1C6E50F}.Debug|x64.ActiveCfg = Debug|x64
		{1426C8F0-619B-44BA-8A0E-1ABFC1C6E50F}.Debug|x64.Build.0 = Debug|x64
		{1426C8F0-619B-44BA-8A0E-1ABFC1C6E50F}.Release|Any CPU.ActiveCfg = Release|Any CPU
		{1426C8F0-619B-44BA-8A0E-1ABFC1C6E50F}.Release|Any CPU.Build.0 = Release|Any CPU
		{1426C8F0-619B-44BA-8A0E-1ABFC1C6E50F}.Release|x64.ActiveCfg = Release|x64
		{1426C8F0-619B-44BA-8A0E-1ABFC1C6E50F}.Release|x64.Build.0 = Release|x64
		{67E38F1B-7162-40AA-84A2-55131CDB631B}.Debug|Any CPU.ActiveCfg = Debug|Any CPU
		{67E38F1B-7162-40AA-84A2-55131CDB631B}.Debug|Any CPU.Build.0 = Debug|Any CPU
		{67E38F1B-7162-40AA-84A2-55131CDB631B}.Debug|x64.ActiveCfg = Debug|x64
		{67E38F1B-7162-40AA-84A2-55131CDB631B}.Debug|x64.Build.0 = Debug|x64
		{67E38F1B-7162-40AA-84A2-55131CDB631B}.Release|Any CPU.ActiveCfg = Release|Any CPU
		{67E38F1B-7162-40AA-84A2-55131CDB631B}.Release|Any CPU.Build.0 = Release|Any CPU
		{67E38F1B-7162-40AA-84A2-55131CDB631B}.Release|x64.ActiveCfg = Release|x64
		{67E38F1B-7162-40AA-84A2-55131CDB631B}.Release|x64.Build.0 = Release|x64
		{8617A735-5FE9-4322-9D46-31070A179736}.Debug|Any CPU.ActiveCfg = Debug|Any CPU
		{8617A735-5FE9-4322-9D46-31070A179736}.Debug|Any CPU.Build.0 = Debug|Any CPU
		{8617A735-5FE9-4322-9D46-31070A179736}.Debug|x64.ActiveCfg = Debug|Any CPU
		{8617A735-5FE9-4322-9D46-31070A179736}.Debug|x64.Build.0 = Debug|Any CPU
		{8617A735-5FE9-4322-9D46-31070A179736}.Release|Any CPU.ActiveCfg = Release|Any CPU
		{8617A735-5FE9-4322-9D46-31070A179736}.Release|Any CPU.Build.0 = Release|Any CPU
		{8617A735-5FE9-4322-9D46-31070A179736}.Release|x64.ActiveCfg = Release|Any CPU
		{8617A735-5FE9-4322-9D46-31070A179736}.Release|x64.Build.0 = Release|Any CPU
	EndGlobalSection
	GlobalSection(SolutionProperties) = preSolution
		HideSolutionNode = FALSE
	EndGlobalSection
	GlobalSection(ExtensibilityGlobals) = postSolution
		SolutionGuid = {4A0B5FB9-31AB-4973-AFC5-12CF9572E46C}
	EndGlobalSection
EndGlobal
